
Microsoft Visual Studio Solution File, Format Version 12.00
# Visual Studio 15
VisualStudioVersion = 15.0.28307.489
MinimumVisualStudioVersion = 10.0.40219.1
Project("{FAE04EC0-301F-11D3-BF4B-00C04F79EFBC}") = "AstarPathfindingProject", "AstarPathfindingProject.csproj", "{76644879-24AF-123E-1425-1107503402F0}"
EndProject
Project("{FAE04EC0-301F-11D3-BF4B-00C04F79EFBC}") = "Assembly-CSharp", "Assembly-CSharp.csproj", "{7E6CDFE0-F0A8-526C-E40B-6F35F6A071D1}"
EndProject
Project("{FAE04EC0-301F-11D3-BF4B-00C04F79EFBC}") = "AstarPathfindingProjectEditor", "AstarPathfindingProjectEditor.csproj", "{AA59AB8A-B6B3-8642-825D-ADA4F6E51A3A}"
EndProject
Global
	GlobalSection(SolutionConfigurationPlatforms) = preSolution
		Debug|Any CPU = Debug|Any CPU
		Release|Any CPU = Release|Any CPU
	EndGlobalSection
	GlobalSection(ProjectConfigurationPlatforms) = postSolution
		{76644879-24AF-123E-1425-1107503402F0}.Debug|Any CPU.ActiveCfg = Debug|Any CPU
		{76644879-24AF-123E-1425-1107503402F0}.Debug|Any CPU.Build.0 = Debug|Any CPU
		{76644879-24AF-123E-1425-1107503402F0}.Release|Any CPU.ActiveCfg = Release|Any CPU
		{76644879-24AF-123E-1425-1107503402F0}.Release|Any CPU.Build.0 = Release|Any CPU
		{7E6CDFE0-F0A8-526C-E40B-6F35F6A071D1}.Debug|Any CPU.ActiveCfg = Debug|Any CPU
		{7E6CDFE0-F0A8-526C-E40B-6F35F6A071D1}.Debug|Any CPU.Build.0 = Debug|Any CPU
		{7E6CDFE0-F0A8-526C-E40B-6F35F6A071D1}.Release|Any CPU.ActiveCfg = Release|Any CPU
		{7E6CDFE0-F0A8-526C-E40B-6F35F6A071D1}.Release|Any CPU.Build.0 = Release|Any CPU
		{AA59AB8A-B6B3-8642-825D-ADA4F6E51A3A}.Debug|Any CPU.ActiveCfg = Debug|Any CPU
		{AA59AB8A-B6B3-8642-825D-ADA4F6E51A3A}.Debug|Any CPU.Build.0 = Debug|Any CPU
		{AA59AB8A-B6B3-8642-825D-ADA4F6E51A3A}.Release|Any CPU.ActiveCfg = Release|Any CPU
		{AA59AB8A-B6B3-8642-825D-ADA4F6E51A3A}.Release|Any CPU.Build.0 = Release|Any CPU
	EndGlobalSection
	GlobalSection(SolutionProperties) = preSolution
		HideSolutionNode = FALSE
	EndGlobalSection
	GlobalSection(ExtensibilityGlobals) = postSolution
		SolutionGuid = {FF99A7E0-9A44-4E96-9866-E3E93D19B8CD}
	EndGlobalSection
EndGlobal
